
Microsoft Visual Studio Solution File, Format Version 12.00
# Visual Studio Version 17
VisualStudioVersion = 17.6.33829.357
MinimumVisualStudioVersion = 10.0.40219.1
Project("{FAE04EC0-301F-11D3-BF4B-00C04F79EFBC}") = "Sipay.Bootcamp.GamzeNurMadan.Assignment1", "Sipay.Bootcamp.GamzeNurMadan.Assignment1\Sipay.Bootcamp.GamzeNurMadan.Assignment1.csproj", "{D37CEA91-4761-447F-9DAB-6DD8408705B0}"
EndProject
Global
	GlobalSection(SolutionConfigurationPlatforms) = preSolution
		Debug|Any CPU = Debug|Any CPU
		Release|Any CPU = Release|Any CPU
	EndGlobalSection
	GlobalSection(ProjectConfigurationPlatforms) = postSolution
		{D37CEA91-4761-447F-9DAB-6DD8408705B0}.Debug|Any CPU.ActiveCfg = Debug|Any CPU
		{D37CEA91-4761-447F-9DAB-6DD8408705B0}.Debug|Any CPU.Build.0 = Debug|Any CPU
		{D37CEA91-4761-447F-9DAB-6DD8408705B0}.Release|Any CPU.ActiveCfg = Release|Any CPU
		{D37CEA91-4761-447F-9DAB-6DD8408705B0}.Release|Any CPU.Build.0 = Release|Any CPU
	EndGlobalSection
	GlobalSection(SolutionProperties) = preSolution
		HideSolutionNode = FALSE
	EndGlobalSection
	GlobalSection(ExtensibilityGlobals) = postSolution
		SolutionGuid = {462F0892-D668-478B-85EB-BAD706D812AC}
	EndGlobalSection
EndGlobal
